// !$*UTF8*$!
{
	archiveVersion = 1;
	classes = {
	};
	objectVersion = 46;
	objects = {

/* Begin PBXBuildFile section */
		C4CE65871E52A3A500E8C20B /* AppDelegate.swift in Sources */ = {isa = PBXBuildFile; fileRef = C4CE65861E52A3A500E8C20B /* AppDelegate.swift */; };
		C4CE658C1E52A3A500E8C20B /* Main.storyboard in Resources */ = {isa = PBXBuildFile; fileRef = C4CE658A1E52A3A500E8C20B /* Main.storyboard */; };
		C4CE658E1E52A3A500E8C20B /* Assets.xcassets in Resources */ = {isa = PBXBuildFile; fileRef = C4CE658D1E52A3A500E8C20B /* Assets.xcassets */; };
		C4CE65911E52A3A500E8C20B /* LaunchScreen.storyboard in Resources */ = {isa = PBXBuildFile; fileRef = C4CE658F1E52A3A500E8C20B /* LaunchScreen.storyboard */; };
		C4CE65A11E52CFFF00E8C20B /* Home.storyboard in Resources */ = {isa = PBXBuildFile; fileRef = C4CE659F1E52CFFF00E8C20B /* Home.storyboard */; };
		C4CE65A61E52D04B00E8C20B /* Follow.storyboard in Resources */ = {isa = PBXBuildFile; fileRef = C4CE65A41E52D04B00E8C20B /* Follow.storyboard */; };
		C4CE65BB1E52DAD400E8C20B /* Profile.storyboard in Resources */ = {isa = PBXBuildFile; fileRef = C4CE65BA1E52DAD400E8C20B /* Profile.storyboard */; };
		C4CE65BD1E52DAE300E8C20B /* Live.storyboard in Resources */ = {isa = PBXBuildFile; fileRef = C4CE65BC1E52DAE300E8C20B /* Live.storyboard */; };
		C4CE65BF1E52DBA500E8C20B /* MainViewController.swift in Sources */ = {isa = PBXBuildFile; fileRef = C4CE65BE1E52DBA500E8C20B /* MainViewController.swift */; };
		C4CE65C11E52DC3E00E8C20B /* HomeViewController.swift in Sources */ = {isa = PBXBuildFile; fileRef = C4CE65C01E52DC3E00E8C20B /* HomeViewController.swift */; };
		C4CE65C41E52E8E300E8C20B /* UIBarButton-Extension.swift in Sources */ = {isa = PBXBuildFile; fileRef = C4CE65C31E52E8E300E8C20B /* UIBarButton-Extension.swift */; };
		C4CE65C61E53161400E8C20B /* PageTitleView.swift in Sources */ = {isa = PBXBuildFile; fileRef = C4CE65C51E53161400E8C20B /* PageTitleView.swift */; };
		C4CE65C81E5318E800E8C20B /* Common.swift in Sources */ = {isa = PBXBuildFile; fileRef = C4CE65C71E5318E800E8C20B /* Common.swift */; };
/* End PBXBuildFile section */

/* Begin PBXFileReference section */
		C4CE65831E52A3A500E8C20B /* DYZB.app */ = {isa = PBXFileReference; explicitFileType = wrapper.application; includeInIndex = 0; path = DYZB.app; sourceTree = BUILT_PRODUCTS_DIR; };
		C4CE65861E52A3A500E8C20B /* AppDelegate.swift */ = {isa = PBXFileReference; lastKnownFileType = sourcecode.swift; path = AppDelegate.swift; sourceTree = "<group>"; };
		C4CE658B1E52A3A500E8C20B /* Base */ = {isa = PBXFileReference; lastKnownFileType = file.storyboard; name = Base; path = Base.lproj/Main.storyboard; sourceTree = "<group>"; };
		C4CE658D1E52A3A500E8C20B /* Assets.xcassets */ = {isa = PBXFileReference; lastKnownFileType = folder.assetcatalog; path = Assets.xcassets; sourceTree = "<group>"; };
		C4CE65901E52A3A500E8C20B /* Base */ = {isa = PBXFileReference; lastKnownFileType = file.storyboard; name = Base; path = Base.lproj/LaunchScreen.storyboard; sourceTree = "<group>"; };
		C4CE65921E52A3A500E8C20B /* Info.plist */ = {isa = PBXFileReference; lastKnownFileType = text.plist.xml; path = Info.plist; sourceTree = "<group>"; };
		C4CE65A01E52CFFF00E8C20B /* Base */ = {isa = PBXFileReference; lastKnownFileType = file.storyboard; name = Base; path = DYZB/Base.lproj/Home.storyboard; sourceTree = SOURCE_ROOT; };
		C4CE65A51E52D04B00E8C20B /* Base */ = {isa = PBXFileReference; lastKnownFileType = file.storyboard; name = Base; path = DYZB/Base.lproj/Follow.storyboard; sourceTree = SOURCE_ROOT; };
		C4CE65BA1E52DAD400E8C20B /* Profile.storyboard */ = {isa = PBXFileReference; fileEncoding = 4; lastKnownFileType = file.storyboard; path = Profile.storyboard; sourceTree = "<group>"; };
		C4CE65BC1E52DAE300E8C20B /* Live.storyboard */ = {isa = PBXFileReference; fileEncoding = 4; lastKnownFileType = file.storyboard; path = Live.storyboard; sourceTree = "<group>"; };
		C4CE65BE1E52DBA500E8C20B /* MainViewController.swift */ = {isa = PBXFileReference; fileEncoding = 4; lastKnownFileType = sourcecode.swift; name = MainViewController.swift; path = ../../Home/Controller/MainViewController.swift; sourceTree = "<group>"; };
		C4CE65C01E52DC3E00E8C20B /* HomeViewController.swift */ = {isa = PBXFileReference; fileEncoding = 4; lastKnownFileType = sourcecode.swift; path = HomeViewController.swift; sourceTree = "<group>"; };
		C4CE65C31E52E8E300E8C20B /* UIBarButton-Extension.swift */ = {isa = PBXFileReference; fileEncoding = 4; lastKnownFileType = sourcecode.swift; path = "UIBarButton-Extension.swift"; sourceTree = "<group>"; };
		C4CE65C51E53161400E8C20B /* PageTitleView.swift */ = {isa = PBXFileReference; fileEncoding = 4; lastKnownFileType = sourcecode.swift; path = PageTitleView.swift; sourceTree = "<group>"; };
		C4CE65C71E5318E800E8C20B /* Common.swift */ = {isa = PBXFileReference; fileEncoding = 4; lastKnownFileType = sourcecode.swift; path = Common.swift; sourceTree = "<group>"; };
/* End PBXFileReference section */

/* Begin PBXFrameworksBuildPhase section */
		C4CE65801E52A3A500E8C20B /* Frameworks */ = {
			isa = PBXFrameworksBuildPhase;
			buildActionMask = 2147483647;
			files = (
			);
			runOnlyForDeploymentPostprocessing = 0;
		};
/* End PBXFrameworksBuildPhase section */

/* Begin PBXGroup section */
		C4CE657A1E52A3A500E8C20B = {
			isa = PBXGroup;
			children = (
				C4CE65851E52A3A500E8C20B /* DYZB */,
				C4CE65841E52A3A500E8C20B /* Products */,
			);
			sourceTree = "<group>";
		};
		C4CE65841E52A3A500E8C20B /* Products */ = {
			isa = PBXGroup;
			children = (
				C4CE65831E52A3A500E8C20B /* DYZB.app */,
			);
			name = Products;
			sourceTree = "<group>";
		};
		C4CE65851E52A3A500E8C20B /* DYZB */ = {
			isa = PBXGroup;
			children = (
				C4CE65981E52AEFF00E8C20B /* Classes */,
				C4CE65861E52A3A500E8C20B /* AppDelegate.swift */,
				C4CE658D1E52A3A500E8C20B /* Assets.xcassets */,
				C4CE658F1E52A3A500E8C20B /* LaunchScreen.storyboard */,
				C4CE65921E52A3A500E8C20B /* Info.plist */,
			);
			path = DYZB;
			sourceTree = "<group>";
		};
		C4CE65981E52AEFF00E8C20B /* Classes */ = {
			isa = PBXGroup;
			children = (
				C4CE659C1E52AEFF00E8C20B /* Main */,
				C4CE659A1E52AEFF00E8C20B /* Home */,
				C4CE659B1E52AEFF00E8C20B /* Live */,
				C4CE65991E52AEFF00E8C20B /* Follow */,
				C4CE659D1E52AEFF00E8C20B /* Profile */,
				C4CE659E1E52AEFF00E8C20B /* Tools */,
			);
			path = Classes;
			sourceTree = "<group>";
		};
		C4CE65991E52AEFF00E8C20B /* Follow */ = {
			isa = PBXGroup;
			children = (
				C4CE65B51E52DA3800E8C20B /* Model */,
				C4CE65B61E52DA3800E8C20B /* View */,
				C4CE65B41E52DA3800E8C20B /* Controller */,
				C4CE65A41E52D04B00E8C20B /* Follow.storyboard */,
			);
			path = Follow;
			sourceTree = "<group>";
		};
		C4CE659A1E52AEFF00E8C20B /* Home */ = {
			isa = PBXGroup;
			children = (
				C4CE65AC1E52D9CC00E8C20B /* Model */,
				C4CE65AD1E52D9CC00E8C20B /* View */,
				C4CE65AB1E52D9CC00E8C20B /* Controller */,
				C4CE659F1E52CFFF00E8C20B /* Home.storyboard */,
			);
			path = Home;
			sourceTree = "<group>";
		};
		C4CE659B1E52AEFF00E8C20B /* Live */ = {
			isa = PBXGroup;
			children = (
				C4CE65B21E52DA2A00E8C20B /* Model */,
				C4CE65B31E52DA2A00E8C20B /* View */,
				C4CE65B11E52DA2A00E8C20B /* Controller */,
				C4CE65BC1E52DAE300E8C20B /* Live.storyboard */,
			);
			path = Live;
			sourceTree = "<group>";
		};
		C4CE659C1E52AEFF00E8C20B /* Main */ = {
			isa = PBXGroup;
			children = (
				C4CE65AF1E52DA1A00E8C20B /* Model */,
				C4CE65B01E52DA1A00E8C20B /* View */,
				C4CE65AE1E52DA1A00E8C20B /* Controller */,
				C4CE658A1E52A3A500E8C20B /* Main.storyboard */,
			);
			path = Main;
			sourceTree = "<group>";
		};
		C4CE659D1E52AEFF00E8C20B /* Profile */ = {
			isa = PBXGroup;
			children = (
				C4CE65BA1E52DAD400E8C20B /* Profile.storyboard */,
				C4CE65B81E52DA4500E8C20B /* Model */,
				C4CE65B91E52DA4500E8C20B /* View */,
				C4CE65B71E52DA4500E8C20B /* Controller */,
			);
			path = Profile;
			sourceTree = "<group>";
		};
		C4CE659E1E52AEFF00E8C20B /* Tools */ = {
			isa = PBXGroup;
			children = (
				C4CE65C21E52E8AA00E8C20B /* Extension */,
				C4CE65C71E5318E800E8C20B /* Common.swift */,
			);
			path = Tools;
			sourceTree = "<group>";
		};
		C4CE65AB1E52D9CC00E8C20B /* Controller */ = {
			isa = PBXGroup;
			children = (
				C4CE65C01E52DC3E00E8C20B /* HomeViewController.swift */,
			);
			path = Controller;
			sourceTree = "<group>";
		};
		C4CE65AC1E52D9CC00E8C20B /* Model */ = {
			isa = PBXGroup;
			children = (
			);
			path = Model;
			sourceTree = "<group>";
		};
		C4CE65AD1E52D9CC00E8C20B /* View */ = {
			isa = PBXGroup;
			children = (
			);
			path = View;
			sourceTree = "<group>";
		};
		C4CE65AE1E52DA1A00E8C20B /* Controller */ = {
			isa = PBXGroup;
			children = (
				C4CE65BE1E52DBA500E8C20B /* MainViewController.swift */,
			);
			path = Controller;
			sourceTree = "<group>";
		};
		C4CE65AF1E52DA1A00E8C20B /* Model */ = {
			isa = PBXGroup;
			children = (
			);
			path = Model;
			sourceTree = "<group>";
		};
		C4CE65B01E52DA1A00E8C20B /* View */ = {
			isa = PBXGroup;
			children = (
				C4CE65C51E53161400E8C20B /* PageTitleView.swift */,
			);
			path = View;
			sourceTree = "<group>";
		};
		C4CE65B11E52DA2A00E8C20B /* Controller */ = {
			isa = PBXGroup;
			children = (
			);
			path = Controller;
			sourceTree = "<group>";
		};
		C4CE65B21E52DA2A00E8C20B /* Model */ = {
			isa = PBXGroup;
			children = (
			);
			path = Model;
			sourceTree = "<group>";
		};
		C4CE65B31E52DA2A00E8C20B /* View */ = {
			isa = PBXGroup;
			children = (
			);
			path = View;
			sourceTree = "<group>";
		};
		C4CE65B41E52DA3800E8C20B /* Controller */ = {
			isa = PBXGroup;
			children = (
			);
			path = Controller;
			sourceTree = "<group>";
		};
		C4CE65B51E52DA3800E8C20B /* Model */ = {
			isa = PBXGroup;
			children = (
			);
			path = Model;
			sourceTree = "<group>";
		};
		C4CE65B61E52DA3800E8C20B /* View */ = {
			isa = PBXGroup;
			children = (
			);
			path = View;
			sourceTree = "<group>";
		};
		C4CE65B71E52DA4500E8C20B /* Controller */ = {
			isa = PBXGroup;
			children = (
			);
			path = Controller;
			sourceTree = "<group>";
		};
		C4CE65B81E52DA4500E8C20B /* Model */ = {
			isa = PBXGroup;
			children = (
			);
			path = Model;
			sourceTree = "<group>";
		};
		C4CE65B91E52DA4500E8C20B /* View */ = {
			isa = PBXGroup;
			children = (
			);
			path = View;
			sourceTree = "<group>";
		};
		C4CE65C21E52E8AA00E8C20B /* Extension */ = {
			isa = PBXGroup;
			children = (
				C4CE65C31E52E8E300E8C20B /* UIBarButton-Extension.swift */,
			);
			path = Extension;
			sourceTree = "<group>";
		};
/* End PBXGroup section */

/* Begin PBXNativeTarget section */
		C4CE65821E52A3A500E8C20B /* DYZB */ = {
			isa = PBXNativeTarget;
			buildConfigurationList = C4CE65951E52A3A500E8C20B /* Build configuration list for PBXNativeTarget "DYZB" */;
			buildPhases = (
				C4CE657F1E52A3A500E8C20B /* Sources */,
				C4CE65801E52A3A500E8C20B /* Frameworks */,
				C4CE65811E52A3A500E8C20B /* Resources */,
			);
			buildRules = (
			);
			dependencies = (
			);
			name = DYZB;
			productName = DYZB;
			productReference = C4CE65831E52A3A500E8C20B /* DYZB.app */;
			productType = "com.apple.product-type.application";
		};
/* End PBXNativeTarget section */

/* Begin PBXProject section */
		C4CE657B1E52A3A500E8C20B /* Project object */ = {
			isa = PBXProject;
			attributes = {
				LastSwiftUpdateCheck = 0730;
				LastUpgradeCheck = 0730;
				ORGANIZATIONNAME = bandeng;
				TargetAttributes = {
					C4CE65821E52A3A500E8C20B = {
						CreatedOnToolsVersion = 7.3.1;
					};
				};
			};
			buildConfigurationList = C4CE657E1E52A3A500E8C20B /* Build configuration list for PBXProject "DYZB" */;
			compatibilityVersion = "Xcode 3.2";
			developmentRegion = English;
			hasScannedForEncodings = 0;
			knownRegions = (
				en,
				Base,
			);
			mainGroup = C4CE657A1E52A3A500E8C20B;
			productRefGroup = C4CE65841E52A3A500E8C20B /* Products */;
			projectDirPath = "";
			projectRoot = "";
			targets = (
				C4CE65821E52A3A500E8C20B /* DYZB */,
			);
		};
/* End PBXProject section */

/* Begin PBXResourcesBuildPhase section */
		C4CE65811E52A3A500E8C20B /* Resources */ = {
			isa = PBXResourcesBuildPhase;
			buildActionMask = 2147483647;
			files = (
				C4CE65BB1E52DAD400E8C20B /* Profile.storyboard in Resources */,
				C4CE65911E52A3A500E8C20B /* LaunchScreen.storyboard in Resources */,
				C4CE658E1E52A3A500E8C20B /* Assets.xcassets in Resources */,
				C4CE658C1E52A3A500E8C20B /* Main.storyboard in Resources */,
				C4CE65A11E52CFFF00E8C20B /* Home.storyboard in Resources */,
				C4CE65A61E52D04B00E8C20B /* Follow.storyboard in Resources */,
				C4CE65BD1E52DAE300E8C20B /* Live.storyboard in Resources */,
			);
			runOnlyForDeploymentPostprocessing = 0;
		};
/* End PBXResourcesBuildPhase section */

/* Begin PBXSourcesBuildPhase section */
		C4CE657F1E52A3A500E8C20B /* Sources */ = {
			isa = PBXSourcesBuildPhase;
			buildActionMask = 2147483647;
			files = (
				C4CE65871E52A3A500E8C20B /* AppDelegate.swift in Sources */,
				C4CE65BF1E52DBA500E8C20B /* MainViewController.swift in Sources */,
				C4CE65C61E53161400E8C20B /* PageTitleView.swift in Sources */,
				C4CE65C11E52DC3E00E8C20B /* HomeViewController.swift in Sources */,
				C4CE65C81E5318E800E8C20B /* Common.swift in Sources */,
				C4CE65C41E52E8E300E8C20B /* UIBarButton-Extension.swift in Sources */,
			);
			runOnlyForDeploymentPostprocessing = 0;
		};
/* End PBXSourcesBuildPhase section */

/* Begin PBXVariantGroup section */
		C4CE658A1E52A3A500E8C20B /* Main.storyboard */ = {
			isa = PBXVariantGroup;
			children = (
				C4CE658B1E52A3A500E8C20B /* Base */,
			);
			name = Main.storyboard;
			path = ../..;
			sourceTree = "<group>";
		};
		C4CE658F1E52A3A500E8C20B /* LaunchScreen.storyboard */ = {
			isa = PBXVariantGroup;
			children = (
				C4CE65901E52A3A500E8C20B /* Base */,
			);
			name = LaunchScreen.storyboard;
			sourceTree = "<group>";
		};
		C4CE659F1E52CFFF00E8C20B /* Home.storyboard */ = {
			isa = PBXVariantGroup;
			children = (
				C4CE65A01E52CFFF00E8C20B /* Base */,
			);
			name = Home.storyboard;
			path = ..;
			sourceTree = "<group>";
		};
		C4CE65A41E52D04B00E8C20B /* Follow.storyboard */ = {
			isa = PBXVariantGroup;
			children = (
				C4CE65A51E52D04B00E8C20B /* Base */,
			);
			name = Follow.storyboard;
			path = ..;
			sourceTree = "<group>";
		};
/* End PBXVariantGroup section */

/* Begin XCBuildConfiguration section */
		C4CE65931E52A3A500E8C20B /* Debug */ = {
			isa = XCBuildConfiguration;
			buildSettings = {
				ALWAYS_SEARCH_USER_PATHS = NO;
				CLANG_ANALYZER_NONNULL = YES;
				CLANG_CXX_LANGUAGE_STANDARD = "gnu++0x";
				CLANG_CXX_LIBRARY = "libc++";
				CLANG_ENABLE_MODULES = YES;
				CLANG_ENABLE_OBJC_ARC = YES;
				CLANG_WARN_BOOL_CONVERSION = YES;
				CLANG_WARN_CONSTANT_CONVERSION = YES;
				CLANG_WARN_DIRECT_OBJC_ISA_USAGE = YES_ERROR;
				CLANG_WARN_EMPTY_BODY = YES;
				CLANG_WARN_ENUM_CONVERSION = YES;
				CLANG_WARN_INT_CONVERSION = YES;
				CLANG_WARN_OBJC_ROOT_CLASS = YES_ERROR;
				CLANG_WARN_UNREACHABLE_CODE = YES;
				CLANG_WARN__DUPLICATE_METHOD_MATCH = YES;
				"CODE_SIGN_IDENTITY[sdk=iphoneos*]" = "iPhone Developer";
				COPY_PHASE_STRIP = NO;
				DEBUG_INFORMATION_FORMAT = dwarf;
				ENABLE_STRICT_OBJC_MSGSEND = YES;
				ENABLE_TESTABILITY = YES;
				GCC_C_LANGUAGE_STANDARD = gnu99;
				GCC_DYNAMIC_NO_PIC = NO;
				GCC_NO_COMMON_BLOCKS = YES;
				GCC_OPTIMIZATION_LEVEL = 0;
				GCC_PREPROCESSOR_DEFINITIONS = (
					"DEBUG=1",
					"$(inherited)",
				);
				GCC_WARN_64_TO_32_BIT_CONVERSION = YES;
				GCC_WARN_ABOUT_RETURN_TYPE = YES_ERROR;
				GCC_WARN_UNDECLARED_SELECTOR = YES;
				GCC_WARN_UNINITIALIZED_AUTOS = YES_AGGRESSIVE;
				GCC_WARN_UNUSED_FUNCTION = YES;
				GCC_WARN_UNUSED_VARIABLE = YES;
				IPHONEOS_DEPLOYMENT_TARGET = 9.3;
				MTL_ENABLE_DEBUG_INFO = YES;
				ONLY_ACTIVE_ARCH = YES;
				SDKROOT = iphoneos;
				SWIFT_OPTIMIZATION_LEVEL = "-Onone";
			};
			name = Debug;
		};
		C4CE65941E52A3A500E8C20B /* Release */ = {
			isa = XCBuildConfiguration;
			buildSettings = {
				ALWAYS_SEARCH_USER_PATHS = NO;
				CLANG_ANALYZER_NONNULL = YES;
				CLANG_CXX_LANGUAGE_STANDARD = "gnu++0x";
				CLANG_CXX_LIBRARY = "libc++";
				CLANG_ENABLE_MODULES = YES;
				CLANG_ENABLE_OBJC_ARC = YES;
				CLANG_WARN_BOOL_CONVERSION = YES;
				CLANG_WARN_CONSTANT_CONVERSION = YES;
				CLANG_WARN_DIRECT_OBJC_ISA_USAGE = YES_ERROR;
				CLANG_WARN_EMPTY_BODY = YES;
				CLANG_WARN_ENUM_CONVERSION = YES;
				CLANG_WARN_INT_CONVERSION = YES;
				CLANG_WARN_OBJC_ROOT_CLASS = YES_ERROR;
				CLANG_WARN_UNREACHABLE_CODE = YES;
				CLANG_WARN__DUPLICATE_METHOD_MATCH = YES;
				"CODE_SIGN_IDENTITY[sdk=iphoneos*]" = "iPhone Developer";
				COPY_PHASE_STRIP = NO;
				DEBUG_INFORMATION_FORMAT = "dwarf-with-dsym";
				ENABLE_NS_ASSERTIONS = NO;
				ENABLE_STRICT_OBJC_MSGSEND = YES;
				GCC_C_LANGUAGE_STANDARD = gnu99;
				GCC_NO_COMMON_BLOCKS = YES;
				GCC_WARN_64_TO_32_BIT_CONVERSION = YES;
				GCC_WARN_ABOUT_RETURN_TYPE = YES_ERROR;
				GCC_WARN_UNDECLARED_SELECTOR = YES;
				GCC_WARN_UNINITIALIZED_AUTOS = YES_AGGRESSIVE;
				GCC_WARN_UNUSED_FUNCTION = YES;
				GCC_WARN_UNUSED_VARIABLE = YES;
				IPHONEOS_DEPLOYMENT_TARGET = 9.3;
				MTL_ENABLE_DEBUG_INFO = NO;
				SDKROOT = iphoneos;
				VALIDATE_PRODUCT = YES;
			};
			name = Release;
		};
		C4CE65961E52A3A500E8C20B /* Debug */ = {
			isa = XCBuildConfiguration;
			buildSettings = {
				ASSETCATALOG_COMPILER_APPICON_NAME = AppIcon;
				ASSETCATALOG_COMPILER_LAUNCHIMAGE_NAME = "Brand Assets";
				INFOPLIST_FILE = DYZB/Info.plist;
				IPHONEOS_DEPLOYMENT_TARGET = 8.0;
				LD_RUNPATH_SEARCH_PATHS = "$(inherited) @executable_path/Frameworks";
				PRODUCT_BUNDLE_IDENTIFIER = com.bandeng.DYZB;
				PRODUCT_NAME = "$(TARGET_NAME)";
			};
			name = Debug;
		};
		C4CE65971E52A3A500E8C20B /* Release */ = {
			isa = XCBuildConfiguration;
			buildSettings = {
				ASSETCATALOG_COMPILER_APPICON_NAME = AppIcon;
				ASSETCATALOG_COMPILER_LAUNCHIMAGE_NAME = "Brand Assets";
				INFOPLIST_FILE = DYZB/Info.plist;
				IPHONEOS_DEPLOYMENT_TARGET = 8.0;
				LD_RUNPATH_SEARCH_PATHS = "$(inherited) @executable_path/Frameworks";
				PRODUCT_BUNDLE_IDENTIFIER = com.bandeng.DYZB;
				PRODUCT_NAME = "$(TARGET_NAME)";
			};
			name = Release;
		};
/* End XCBuildConfiguration section */

/* Begin XCConfigurationList section */
		C4CE657E1E52A3A500E8C20B /* Build configuration list for PBXProject "DYZB" */ = {
			isa = XCConfigurationList;
			buildConfigurations = (
				C4CE65931E52A3A500E8C20B /* Debug */,
				C4CE65941E52A3A500E8C20B /* Release */,
			);
			defaultConfigurationIsVisible = 0;
			defaultConfigurationName = Release;
		};
		C4CE65951E52A3A500E8C20B /* Build configuration list for PBXNativeTarget "DYZB" */ = {
			isa = XCConfigurationList;
			buildConfigurations = (
				C4CE65961E52A3A500E8C20B /* Debug */,
				C4CE65971E52A3A500E8C20B /* Release */,
			);
			defaultConfigurationIsVisible = 0;
			defaultConfigurationName = Release;
		};
/* End XCConfigurationList section */
	};
	rootObject = C4CE657B1E52A3A500E8C20B /* Project object */;
}
